
Microsoft Visual Studio Solution File, Format Version 12.00
# Visual Studio 15
VisualStudioVersion = 15.0.26124.0
MinimumVisualStudioVersion = 15.0.26124.0
Project("{FAE04EC0-301F-11D3-BF4B-00C04F79EFBC}") = "FirstApi", "FirstApi\FirstApi.csproj", "{9A6B426E-5731-4E17-801B-23281CBC191F}"
EndProject
Project("{FAE04EC0-301F-11D3-BF4B-00C04F79EFBC}") = "SecondApi", "SecondApi\SecondApi.csproj", "{C8CEF445-19FA-455B-A1B6-1D23ACE3662F}"
EndProject
Project("{FAE04EC0-301F-11D3-BF4B-00C04F79EFBC}") = "WebApp", "WebApp\WebApp.csproj", "{17862B73-0DFA-440E-9626-211CBFFA7EE8}"
EndProject
Global
	GlobalSection(SolutionConfigurationPlatforms) = preSolution
		Debug|Any CPU = Debug|Any CPU
		Debug|x64 = Debug|x64
		Debug|x86 = Debug|x86
		Release|Any CPU = Release|Any CPU
		Release|x64 = Release|x64
		Release|x86 = Release|x86
	EndGlobalSection
	GlobalSection(SolutionProperties) = preSolution
		HideSolutionNode = FALSE
	EndGlobalSection
	GlobalSection(ProjectConfigurationPlatforms) = postSolution
		{9A6B426E-5731-4E17-801B-23281CBC191F}.Debug|Any CPU.ActiveCfg = Debug|Any CPU
		{9A6B426E-5731-4E17-801B-23281CBC191F}.Debug|Any CPU.Build.0 = Debug|Any CPU
		{9A6B426E-5731-4E17-801B-23281CBC191F}.Debug|x64.ActiveCfg = Debug|Any CPU
		{9A6B426E-5731-4E17-801B-23281CBC191F}.Debug|x64.Build.0 = Debug|Any CPU
		{9A6B426E-5731-4E17-801B-23281CBC191F}.Debug|x86.ActiveCfg = Debug|Any CPU
		{9A6B426E-5731-4E17-801B-23281CBC191F}.Debug|x86.Build.0 = Debug|Any CPU
		{9A6B426E-5731-4E17-801B-23281CBC191F}.Release|Any CPU.ActiveCfg = Release|Any CPU
		{9A6B426E-5731-4E17-801B-23281CBC191F}.Release|Any CPU.Build.0 = Release|Any CPU
		{9A6B426E-5731-4E17-801B-23281CBC191F}.Release|x64.ActiveCfg = Release|Any CPU
		{9A6B426E-5731-4E17-801B-23281CBC191F}.Release|x64.Build.0 = Release|Any CPU
		{9A6B426E-5731-4E17-801B-23281CBC191F}.Release|x86.ActiveCfg = Release|Any CPU
		{9A6B426E-5731-4E17-801B-23281CBC191F}.Release|x86.Build.0 = Release|Any CPU
		{C8CEF445-19FA-455B-A1B6-1D23ACE3662F}.Debug|Any CPU.ActiveCfg = Debug|Any CPU
		{C8CEF445-19FA-455B-A1B6-1D23ACE3662F}.Debug|Any CPU.Build.0 = Debug|Any CPU
		{C8CEF445-19FA-455B-A1B6-1D23ACE3662F}.Debug|x64.ActiveCfg = Debug|Any CPU
		{C8CEF445-19FA-455B-A1B6-1D23ACE3662F}.Debug|x64.Build.0 = Debug|Any CPU
		{C8CEF445-19FA-455B-A1B6-1D23ACE3662F}.Debug|x86.ActiveCfg = Debug|Any CPU
		{C8CEF445-19FA-455B-A1B6-1D23ACE3662F}.Debug|x86.Build.0 = Debug|Any CPU
		{C8CEF445-19FA-455B-A1B6-1D23ACE3662F}.Release|Any CPU.ActiveCfg = Release|Any CPU
		{C8CEF445-19FA-455B-A1B6-1D23ACE3662F}.Release|Any CPU.Build.0 = Release|Any CPU
		{C8CEF445-19FA-455B-A1B6-1D23ACE3662F}.Release|x64.ActiveCfg = Release|Any CPU
		{C8CEF445-19FA-455B-A1B6-1D23ACE3662F}.Release|x64.Build.0 = Release|Any CPU
		{C8CEF445-19FA-455B-A1B6-1D23ACE3662F}.Release|x86.ActiveCfg = Release|Any CPU
		{C8CEF445-19FA-455B-A1B6-1D23ACE3662F}.Release|x86.Build.0 = Release|Any CPU
		{17862B73-0DFA-440E-9626-211CBFFA7EE8}.Debug|Any CPU.ActiveCfg = Debug|Any CPU
		{17862B73-0DFA-440E-9626-211CBFFA7EE8}.Debug|Any CPU.Build.0 = Debug|Any CPU
		{17862B73-0DFA-440E-9626-211CBFFA7EE8}.Debug|x64.ActiveCfg = Debug|Any CPU
		{17862B73-0DFA-440E-9626-211CBFFA7EE8}.Debug|x64.Build.0 = Debug|Any CPU
		{17862B73-0DFA-440E-9626-211CBFFA7EE8}.Debug|x86.ActiveCfg = Debug|Any CPU
		{17862B73-0DFA-440E-9626-211CBFFA7EE8}.Debug|x86.Build.0 = Debug|Any CPU
		{17862B73-0DFA-440E-9626-211CBFFA7EE8}.Release|Any CPU.ActiveCfg = Release|Any CPU
		{17862B73-0DFA-440E-9626-211CBFFA7EE8}.Release|Any CPU.Build.0 = Release|Any CPU
		{17862B73-0DFA-440E-9626-211CBFFA7EE8}.Release|x64.ActiveCfg = Release|Any CPU
		{17862B73-0DFA-440E-9626-211CBFFA7EE8}.Release|x64.Build.0 = Release|Any CPU
		{17862B73-0DFA-440E-9626-211CBFFA7EE8}.Release|x86.ActiveCfg = Release|Any CPU
		{17862B73-0DFA-440E-9626-211CBFFA7EE8}.Release|x86.Build.0 = Release|Any CPU
	EndGlobalSection
EndGlobal
